
Microsoft Visual Studio Solution File, Format Version 12.00
# Visual Studio Version 17
VisualStudioVersion = 17.3.32819.101
MinimumVisualStudioVersion = 10.0.40219.1
Project("{FAE04EC0-301F-11D3-BF4B-00C04F79EFBC}") = "AdventOfCode2022", "AdventOfCode2022.csproj", "{8E268140-1479-4993-9A13-47B6018523E5}"
EndProject
Global
	GlobalSection(SolutionConfigurationPlatforms) = preSolution
		Debug|Any CPU = Debug|Any CPU
		Release|Any CPU = Release|Any CPU
	EndGlobalSection
	GlobalSection(ProjectConfigurationPlatforms) = postSolution
		{8E268140-1479-4993-9A13-47B6018523E5}.Debug|Any CPU.ActiveCfg = Debug|Any CPU
		{8E268140-1479-4993-9A13-47B6018523E5}.Debug|Any CPU.Build.0 = Debug|Any CPU
		{8E268140-1479-4993-9A13-47B6018523E5}.Release|Any CPU.ActiveCfg = Release|Any CPU
		{8E268140-1479-4993-9A13-47B6018523E5}.Release|Any CPU.Build.0 = Release|Any CPU
	EndGlobalSection
	GlobalSection(SolutionProperties) = preSolution
		HideSolutionNode = FALSE
	EndGlobalSection
	GlobalSection(ExtensibilityGlobals) = postSolution
		SolutionGuid = {CB53E256-02A7-475D-990C-98A2A7E58E75}
	EndGlobalSection
EndGlobal
